
Microsoft Visual Studio Solution File, Format Version 12.00
# Visual Studio 15
VisualStudioVersion = 15.0.28307.705
MinimumVisualStudioVersion = 10.0.40219.1
Project("{FAE04EC0-301F-11D3-BF4B-00C04F79EFBC}") = "MedgulfLiveEmailsApp", "WindowsFormsApp1\MedgulfLiveEmailsApp.csproj", "{B310DDCE-043D-4159-A4FF-4DAC7A1D406E}"
EndProject
Global
	GlobalSection(SolutionConfigurationPlatforms) = preSolution
		Debug|Any CPU = Debug|Any CPU
		Release|Any CPU = Release|Any CPU
	EndGlobalSection
	GlobalSection(ProjectConfigurationPlatforms) = postSolution
		{B310DDCE-043D-4159-A4FF-4DAC7A1D406E}.Debug|Any CPU.ActiveCfg = Debug|Any CPU
		{B310DDCE-043D-4159-A4FF-4DAC7A1D406E}.Debug|Any CPU.Build.0 = Debug|Any CPU
		{B310DDCE-043D-4159-A4FF-4DAC7A1D406E}.Release|Any CPU.ActiveCfg = Release|Any CPU
		{B310DDCE-043D-4159-A4FF-4DAC7A1D406E}.Release|Any CPU.Build.0 = Release|Any CPU
	EndGlobalSection
	GlobalSection(SolutionProperties) = preSolution
		HideSolutionNode = FALSE
	EndGlobalSection
	GlobalSection(ExtensibilityGlobals) = postSolution
		SolutionGuid = {ACF93D65-62EE-439A-A3DA-8FDC3DD2FCEA}
	EndGlobalSection
	GlobalSection(TeamFoundationVersionControl) = preSolution
		SccNumberOfProjects = 2
		SccEnterpriseProvider = {4CA58AB2-18FA-4F8D-95D4-32DDF27D184C}
		SccTeamFoundationServer = https://medgulfdevteam.visualstudio.com/
		SccProjectUniqueName0 = WindowsFormsApp1\\MedgulfLiveEmailsApp.csproj
		SccProjectName0 = WindowsFormsApp1
		SccLocalPath0 = WindowsFormsApp1
		SccLocalPath1 = .
	EndGlobalSection
EndGlobal
