
Microsoft Visual Studio Solution File, Format Version 12.00
# Visual Studio 15
VisualStudioVersion = 15.0.27703.2026
MinimumVisualStudioVersion = 10.0.40219.1
Project("{FAE04EC0-301F-11D3-BF4B-00C04F79EFBC}") = "Stock_System2", "Stock_System2\Stock_System2.csproj", "{31AF37A5-2635-440E-9EB7-545B5D7C2B5F}"
EndProject
Project("{FAE04EC0-301F-11D3-BF4B-00C04F79EFBC}") = "Stock_System2.Tests", "Stock_System2.Tests\Stock_System2.Tests.csproj", "{527B9BFC-0BBE-4F25-B1D3-2BF139D55797}"
EndProject
Global
	GlobalSection(SolutionConfigurationPlatforms) = preSolution
		Debug|Any CPU = Debug|Any CPU
		Release|Any CPU = Release|Any CPU
	EndGlobalSection
	GlobalSection(ProjectConfigurationPlatforms) = postSolution
		{31AF37A5-2635-440E-9EB7-545B5D7C2B5F}.Debug|Any CPU.ActiveCfg = Debug|Any CPU
		{31AF37A5-2635-440E-9EB7-545B5D7C2B5F}.Debug|Any CPU.Build.0 = Debug|Any CPU
		{31AF37A5-2635-440E-9EB7-545B5D7C2B5F}.Release|Any CPU.ActiveCfg = Release|Any CPU
		{31AF37A5-2635-440E-9EB7-545B5D7C2B5F}.Release|Any CPU.Build.0 = Release|Any CPU
		{527B9BFC-0BBE-4F25-B1D3-2BF139D55797}.Debug|Any CPU.ActiveCfg = Debug|Any CPU
		{527B9BFC-0BBE-4F25-B1D3-2BF139D55797}.Debug|Any CPU.Build.0 = Debug|Any CPU
		{527B9BFC-0BBE-4F25-B1D3-2BF139D55797}.Release|Any CPU.ActiveCfg = Release|Any CPU
		{527B9BFC-0BBE-4F25-B1D3-2BF139D55797}.Release|Any CPU.Build.0 = Release|Any CPU
	EndGlobalSection
	GlobalSection(SolutionProperties) = preSolution
		HideSolutionNode = FALSE
	EndGlobalSection
	GlobalSection(ExtensibilityGlobals) = postSolution
		SolutionGuid = {35D9E91C-BDC5-414F-91A8-95AC65588DDE}
	EndGlobalSection
	GlobalSection(TeamFoundationVersionControl) = preSolution
		SccNumberOfProjects = 3
		SccEnterpriseProvider = {4CA58AB2-18FA-4F8D-95D4-32DDF27D184C}
		SccTeamFoundationServer = https://medgulfdevteam.visualstudio.com/
		SccLocalPath0 = .
		SccProjectUniqueName1 = Stock_System2.Tests\\Stock_System2.Tests.csproj
		SccProjectName1 = Stock_System2.Tests
		SccLocalPath1 = Stock_System2.Tests
		SccProjectUniqueName2 = Stock_System2\\Stock_System2.csproj
		SccProjectName2 = Stock_System2
		SccLocalPath2 = Stock_System2
	EndGlobalSection
EndGlobal
