
Microsoft Visual Studio Solution File, Format Version 12.00
# Visual Studio 15
VisualStudioVersion = 15.0.26228.9
MinimumVisualStudioVersion = 10.0.40219.1
Project("{FAE04EC0-301F-11D3-BF4B-00C04F79EFBC}") = "AccessControlUsers", "AccessControlUsers\AccessControlUsers.csproj", "{09BD3C4C-EBFB-4E40-83A3-7167BED44372}"
EndProject
Global
	GlobalSection(SolutionConfigurationPlatforms) = preSolution
		Debug|Any CPU = Debug|Any CPU
		Release|Any CPU = Release|Any CPU
	EndGlobalSection
	GlobalSection(ProjectConfigurationPlatforms) = postSolution
		{09BD3C4C-EBFB-4E40-83A3-7167BED44372}.Debug|Any CPU.ActiveCfg = Debug|Any CPU
		{09BD3C4C-EBFB-4E40-83A3-7167BED44372}.Debug|Any CPU.Build.0 = Debug|Any CPU
		{09BD3C4C-EBFB-4E40-83A3-7167BED44372}.Release|Any CPU.ActiveCfg = Release|Any CPU
		{09BD3C4C-EBFB-4E40-83A3-7167BED44372}.Release|Any CPU.Build.0 = Release|Any CPU
	EndGlobalSection
	GlobalSection(SolutionProperties) = preSolution
		HideSolutionNode = FALSE
	EndGlobalSection
	GlobalSection(TeamFoundationVersionControl) = preSolution
		SccNumberOfProjects = 2
		SccEnterpriseProvider = {4CA58AB2-18FA-4F8D-95D4-32DDF27D184C}
		SccTeamFoundationServer = https://medgulfdevteam.visualstudio.com/
		SccLocalPath0 = .
		SccProjectUniqueName1 = AccessControlUsers\\AccessControlUsers.csproj
		SccProjectName1 = AccessControlUsers
		SccLocalPath1 = AccessControlUsers
	EndGlobalSection
EndGlobal
