
Microsoft Visual Studio Solution File, Format Version 12.00
# Visual Studio 15
VisualStudioVersion = 15.0.27703.2026
MinimumVisualStudioVersion = 10.0.40219.1
Project("{FAE04EC0-301F-11D3-BF4B-00C04F79EFBC}") = "TickitingSystem", "E:\M.Minsaisy\Source Code\Ticketing System\TickitingSystemchanges 11-6-2018\TickitingSystem\TickitingSystem.csproj", "{AF95DD5A-403C-4EC5-BD3D-B1EBB5FB59B9}"
EndProject
Project("{FAE04EC0-301F-11D3-BF4B-00C04F79EFBC}") = "DAL", "E:\M.Minsaisy\Source Code\Ticketing System\TickitingSystemchanges 11-6-2018\DAL\DAL.csproj", "{704B2035-8EFA-4B6F-8B54-BD65D1B8F176}"
EndProject
Global
	GlobalSection(SolutionConfigurationPlatforms) = preSolution
		Debug|Any CPU = Debug|Any CPU
		Release|Any CPU = Release|Any CPU
	EndGlobalSection
	GlobalSection(ProjectConfigurationPlatforms) = postSolution
		{AF95DD5A-403C-4EC5-BD3D-B1EBB5FB59B9}.Debug|Any CPU.ActiveCfg = Debug|Any CPU
		{AF95DD5A-403C-4EC5-BD3D-B1EBB5FB59B9}.Debug|Any CPU.Build.0 = Debug|Any CPU
		{AF95DD5A-403C-4EC5-BD3D-B1EBB5FB59B9}.Release|Any CPU.ActiveCfg = Release|Any CPU
		{AF95DD5A-403C-4EC5-BD3D-B1EBB5FB59B9}.Release|Any CPU.Build.0 = Release|Any CPU
		{704B2035-8EFA-4B6F-8B54-BD65D1B8F176}.Debug|Any CPU.ActiveCfg = Debug|Any CPU
		{704B2035-8EFA-4B6F-8B54-BD65D1B8F176}.Debug|Any CPU.Build.0 = Debug|Any CPU
		{704B2035-8EFA-4B6F-8B54-BD65D1B8F176}.Release|Any CPU.ActiveCfg = Release|Any CPU
		{704B2035-8EFA-4B6F-8B54-BD65D1B8F176}.Release|Any CPU.Build.0 = Release|Any CPU
	EndGlobalSection
	GlobalSection(SolutionProperties) = preSolution
		HideSolutionNode = FALSE
	EndGlobalSection
	GlobalSection(ExtensibilityGlobals) = postSolution
		SolutionGuid = {DC3DE8FE-2FDD-4C9B-B057-8C08E86DDBF1}
	EndGlobalSection
	GlobalSection(TeamFoundationVersionControl) = preSolution
		SccNumberOfProjects = 3
		SccEnterpriseProvider = {4CA58AB2-18FA-4F8D-95D4-32DDF27D184C}
		SccTeamFoundationServer = https://medgulfdevteam.visualstudio.com/
		SccLocalPath0 = .
		SccProjectUniqueName1 = E:\\M.Minsaisy\\Source\u0020Code\\Ticketing\u0020System\\TickitingSystemchanges\u002011-6-2018\\DAL\\DAL.csproj
		SccProjectName1 = DAL
		SccLocalPath1 = E:\\M.Minsaisy\\Source\u0020Code\\Ticketing\u0020System\\TickitingSystemchanges\u002011-6-2018\\DAL
		SccProjectUniqueName2 = E:\\M.Minsaisy\\Source\u0020Code\\Ticketing\u0020System\\TickitingSystemchanges\u002011-6-2018\\TickitingSystem\\TickitingSystem.csproj
		SccProjectName2 = TickitingSystem
		SccLocalPath2 = E:\\M.Minsaisy\\Source\u0020Code\\Ticketing\u0020System\\TickitingSystemchanges\u002011-6-2018\\TickitingSystem
	EndGlobalSection
EndGlobal
