
Microsoft Visual Studio Solution File, Format Version 12.00
# Visual Studio 15
VisualStudioVersion = 15.0.28307.329
MinimumVisualStudioVersion = 10.0.40219.1
Project("{FAE04EC0-301F-11D3-BF4B-00C04F79EFBC}") = "AddAccuralLeaveTypesForNewEmployees-WS", "AddAcccuralLeaveTypesForNewEmployees-WS\AddAccuralLeaveTypesForNewEmployees-WS.csproj", "{DBDB11AB-8E3A-4F5C-A0B9-F46AF09DCABF}"
EndProject
Global
	GlobalSection(SolutionConfigurationPlatforms) = preSolution
		Debug|Any CPU = Debug|Any CPU
		Release|Any CPU = Release|Any CPU
	EndGlobalSection
	GlobalSection(ProjectConfigurationPlatforms) = postSolution
		{DBDB11AB-8E3A-4F5C-A0B9-F46AF09DCABF}.Debug|Any CPU.ActiveCfg = Debug|Any CPU
		{DBDB11AB-8E3A-4F5C-A0B9-F46AF09DCABF}.Debug|Any CPU.Build.0 = Debug|Any CPU
		{DBDB11AB-8E3A-4F5C-A0B9-F46AF09DCABF}.Release|Any CPU.ActiveCfg = Release|Any CPU
		{DBDB11AB-8E3A-4F5C-A0B9-F46AF09DCABF}.Release|Any CPU.Build.0 = Release|Any CPU
	EndGlobalSection
	GlobalSection(SolutionProperties) = preSolution
		HideSolutionNode = FALSE
	EndGlobalSection
	GlobalSection(ExtensibilityGlobals) = postSolution
		SolutionGuid = {0BBF479B-1F5C-4B3A-A08E-BD7F86ED8996}
	EndGlobalSection
	GlobalSection(TeamFoundationVersionControl) = preSolution
		SccNumberOfProjects = 2
		SccEnterpriseProvider = {4CA58AB2-18FA-4F8D-95D4-32DDF27D184C}
		SccTeamFoundationServer = https://medgulfdevteam.visualstudio.com/
		SccLocalPath0 = .
		SccProjectUniqueName1 = AddAcccuralLeaveTypesForNewEmployees-WS\\AddAccuralLeaveTypesForNewEmployees-WS.csproj
		SccProjectName1 = AddAcccuralLeaveTypesForNewEmployees-WS
		SccLocalPath1 = AddAcccuralLeaveTypesForNewEmployees-WS
	EndGlobalSection
EndGlobal
