
Microsoft Visual Studio Solution File, Format Version 12.00
# Visual Studio 15
VisualStudioVersion = 15.0.28307.329
MinimumVisualStudioVersion = 10.0.40219.1
Project("{FAE04EC0-301F-11D3-BF4B-00C04F79EFBC}") = "AddAcccuralLeaveTypesApp", "AddAcccuralLeaveTypesApp\AddAcccuralLeaveTypesApp.csproj", "{4969777C-4191-434E-ABC7-805EBC432605}"
EndProject
Global
	GlobalSection(SolutionConfigurationPlatforms) = preSolution
		Debug|Any CPU = Debug|Any CPU
		Release|Any CPU = Release|Any CPU
	EndGlobalSection
	GlobalSection(ProjectConfigurationPlatforms) = postSolution
		{4969777C-4191-434E-ABC7-805EBC432605}.Debug|Any CPU.ActiveCfg = Debug|Any CPU
		{4969777C-4191-434E-ABC7-805EBC432605}.Debug|Any CPU.Build.0 = Debug|Any CPU
		{4969777C-4191-434E-ABC7-805EBC432605}.Release|Any CPU.ActiveCfg = Release|Any CPU
		{4969777C-4191-434E-ABC7-805EBC432605}.Release|Any CPU.Build.0 = Release|Any CPU
	EndGlobalSection
	GlobalSection(SolutionProperties) = preSolution
		HideSolutionNode = FALSE
	EndGlobalSection
	GlobalSection(ExtensibilityGlobals) = postSolution
		SolutionGuid = {598ABF0F-3128-408B-9DB3-E4EAEB577592}
	EndGlobalSection
	GlobalSection(TeamFoundationVersionControl) = preSolution
		SccNumberOfProjects = 2
		SccEnterpriseProvider = {4CA58AB2-18FA-4F8D-95D4-32DDF27D184C}
		SccTeamFoundationServer = https://medgulfdevteam.visualstudio.com/
		SccLocalPath0 = .
		SccProjectUniqueName1 = AddAcccuralLeaveTypesApp\\AddAcccuralLeaveTypesApp.csproj
		SccProjectName1 = AddAcccuralLeaveTypesApp
		SccLocalPath1 = AddAcccuralLeaveTypesApp
	EndGlobalSection
EndGlobal
